
Microsoft Visual Studio Solution File, Format Version 12.00
# Visual Studio 2013
VisualStudioVersion = 12.0.31101.0
MinimumVisualStudioVersion = 10.0.40219.1
Project("{FAE04EC0-301F-11D3-BF4B-00C04F79EFBC}") = "SwitchMediaSample", "SwitchMediaSample\SwitchMediaSample\SwitchMediaSample.csproj", "{88F7247E-10F0-43F2-B8CB-25B4A18EC4CA}"
EndProject
Project("{FAE04EC0-301F-11D3-BF4B-00C04F79EFBC}") = "SwitchMediaSample.iOS", "SwitchMediaSample\SwitchMediaSample.iOS\SwitchMediaSample.iOS.csproj", "{479CDE11-54FD-43A2-8E44-9D396E3A34AD}"
EndProject
Project("{FAE04EC0-301F-11D3-BF4B-00C04F79EFBC}") = "SwitchMediaSample.Droid", "SwitchMediaSample\SwitchMediaSample.Droid\SwitchMediaSample.Droid.csproj", "{DCED46D2-55DE-449B-9CEC-A0FACC1CBF13}"
EndProject
Global
	GlobalSection(SolutionConfigurationPlatforms) = preSolution
		Ad-Hoc|Any CPU = Ad-Hoc|Any CPU
		Ad-Hoc|iPhone = Ad-Hoc|iPhone
		Ad-Hoc|iPhoneSimulator = Ad-Hoc|iPhoneSimulator
		Ad-Hoc|Mixed Platforms = Ad-Hoc|Mixed Platforms
		AppStore|Any CPU = AppStore|Any CPU
		AppStore|iPhone = AppStore|iPhone
		AppStore|iPhoneSimulator = AppStore|iPhoneSimulator
		AppStore|Mixed Platforms = AppStore|Mixed Platforms
		Debug|Any CPU = Debug|Any CPU
		Debug|iPhone = Debug|iPhone
		Debug|iPhoneSimulator = Debug|iPhoneSimulator
		Debug|Mixed Platforms = Debug|Mixed Platforms
		Release|Any CPU = Release|Any CPU
		Release|iPhone = Release|iPhone
		Release|iPhoneSimulator = Release|iPhoneSimulator
		Release|Mixed Platforms = Release|Mixed Platforms
	EndGlobalSection
	GlobalSection(ProjectConfigurationPlatforms) = postSolution
		{88F7247E-10F0-43F2-B8CB-25B4A18EC4CA}.Ad-Hoc|Any CPU.ActiveCfg = Release|Any CPU
		{88F7247E-10F0-43F2-B8CB-25B4A18EC4CA}.Ad-Hoc|Any CPU.Build.0 = Release|Any CPU
		{88F7247E-10F0-43F2-B8CB-25B4A18EC4CA}.Ad-Hoc|iPhone.ActiveCfg = Release|Any CPU
		{88F7247E-10F0-43F2-B8CB-25B4A18EC4CA}.Ad-Hoc|iPhoneSimulator.ActiveCfg = Release|Any CPU
		{88F7247E-10F0-43F2-B8CB-25B4A18EC4CA}.Ad-Hoc|Mixed Platforms.ActiveCfg = Release|Any CPU
		{88F7247E-10F0-43F2-B8CB-25B4A18EC4CA}.Ad-Hoc|Mixed Platforms.Build.0 = Release|Any CPU
		{88F7247E-10F0-43F2-B8CB-25B4A18EC4CA}.AppStore|Any CPU.ActiveCfg = Release|Any CPU
		{88F7247E-10F0-43F2-B8CB-25B4A18EC4CA}.AppStore|Any CPU.Build.0 = Release|Any CPU
		{88F7247E-10F0-43F2-B8CB-25B4A18EC4CA}.AppStore|iPhone.ActiveCfg = Release|Any CPU
		{88F7247E-10F0-43F2-B8CB-25B4A18EC4CA}.AppStore|iPhoneSimulator.ActiveCfg = Release|Any CPU
		{88F7247E-10F0-43F2-B8CB-25B4A18EC4CA}.AppStore|Mixed Platforms.ActiveCfg = Release|Any CPU
		{88F7247E-10F0-43F2-B8CB-25B4A18EC4CA}.AppStore|Mixed Platforms.Build.0 = Release|Any CPU
		{88F7247E-10F0-43F2-B8CB-25B4A18EC4CA}.Debug|Any CPU.ActiveCfg = Debug|Any CPU
		{88F7247E-10F0-43F2-B8CB-25B4A18EC4CA}.Debug|Any CPU.Build.0 = Debug|Any CPU
		{88F7247E-10F0-43F2-B8CB-25B4A18EC4CA}.Debug|iPhone.ActiveCfg = Debug|Any CPU
		{88F7247E-10F0-43F2-B8CB-25B4A18EC4CA}.Debug|iPhone.Build.0 = Debug|Any CPU
		{88F7247E-10F0-43F2-B8CB-25B4A18EC4CA}.Debug|iPhoneSimulator.ActiveCfg = Debug|Any CPU
		{88F7247E-10F0-43F2-B8CB-25B4A18EC4CA}.Debug|iPhoneSimulator.Build.0 = Debug|Any CPU
		{88F7247E-10F0-43F2-B8CB-25B4A18EC4CA}.Debug|Mixed Platforms.ActiveCfg = Debug|Any CPU
		{88F7247E-10F0-43F2-B8CB-25B4A18EC4CA}.Debug|Mixed Platforms.Build.0 = Debug|Any CPU
		{88F7247E-10F0-43F2-B8CB-25B4A18EC4CA}.Release|Any CPU.ActiveCfg = Release|Any CPU
		{88F7247E-10F0-43F2-B8CB-25B4A18EC4CA}.Release|Any CPU.Build.0 = Release|Any CPU
		{88F7247E-10F0-43F2-B8CB-25B4A18EC4CA}.Release|iPhone.ActiveCfg = Release|Any CPU
		{88F7247E-10F0-43F2-B8CB-25B4A18EC4CA}.Release|iPhoneSimulator.ActiveCfg = Release|Any CPU
		{88F7247E-10F0-43F2-B8CB-25B4A18EC4CA}.Release|Mixed Platforms.ActiveCfg = Release|Any CPU
		{88F7247E-10F0-43F2-B8CB-25B4A18EC4CA}.Release|Mixed Platforms.Build.0 = Release|Any CPU
		{479CDE11-54FD-43A2-8E44-9D396E3A34AD}.Ad-Hoc|Any CPU.ActiveCfg = Ad-Hoc|iPhone
		{479CDE11-54FD-43A2-8E44-9D396E3A34AD}.Ad-Hoc|iPhone.ActiveCfg = Ad-Hoc|iPhone
		{479CDE11-54FD-43A2-8E44-9D396E3A34AD}.Ad-Hoc|iPhone.Build.0 = Ad-Hoc|iPhone
		{479CDE11-54FD-43A2-8E44-9D396E3A34AD}.Ad-Hoc|iPhoneSimulator.ActiveCfg = Ad-Hoc|iPhoneSimulator
		{479CDE11-54FD-43A2-8E44-9D396E3A34AD}.Ad-Hoc|iPhoneSimulator.Build.0 = Ad-Hoc|iPhoneSimulator
		{479CDE11-54FD-43A2-8E44-9D396E3A34AD}.Ad-Hoc|Mixed Platforms.ActiveCfg = Ad-Hoc|iPhone
		{479CDE11-54FD-43A2-8E44-9D396E3A34AD}.Ad-Hoc|Mixed Platforms.Build.0 = Ad-Hoc|iPhone
		{479CDE11-54FD-43A2-8E44-9D396E3A34AD}.AppStore|Any CPU.ActiveCfg = AppStore|iPhone
		{479CDE11-54FD-43A2-8E44-9D396E3A34AD}.AppStore|iPhone.ActiveCfg = AppStore|iPhone
		{479CDE11-54FD-43A2-8E44-9D396E3A34AD}.AppStore|iPhone.Build.0 = AppStore|iPhone
		{479CDE11-54FD-43A2-8E44-9D396E3A34AD}.AppStore|iPhoneSimulator.ActiveCfg = AppStore|iPhoneSimulator
		{479CDE11-54FD-43A2-8E44-9D396E3A34AD}.AppStore|iPhoneSimulator.Build.0 = AppStore|iPhoneSimulator
		{479CDE11-54FD-43A2-8E44-9D396E3A34AD}.AppStore|Mixed Platforms.ActiveCfg = AppStore|iPhone
		{479CDE11-54FD-43A2-8E44-9D396E3A34AD}.AppStore|Mixed Platforms.Build.0 = AppStore|iPhone
		{479CDE11-54FD-43A2-8E44-9D396E3A34AD}.Debug|Any CPU.ActiveCfg = Debug|iPhone
		{479CDE11-54FD-43A2-8E44-9D396E3A34AD}.Debug|iPhone.ActiveCfg = Debug|iPhone
		{479CDE11-54FD-43A2-8E44-9D396E3A34AD}.Debug|iPhone.Build.0 = Debug|iPhone
		{479CDE11-54FD-43A2-8E44-9D396E3A34AD}.Debug|iPhoneSimulator.ActiveCfg = Debug|iPhoneSimulator
		{479CDE11-54FD-43A2-8E44-9D396E3A34AD}.Debug|iPhoneSimulator.Build.0 = Debug|iPhoneSimulator
		{479CDE11-54FD-43A2-8E44-9D396E3A34AD}.Debug|Mixed Platforms.ActiveCfg = Debug|iPhone
		{479CDE11-54FD-43A2-8E44-9D396E3A34AD}.Debug|Mixed Platforms.Build.0 = Debug|iPhone
		{479CDE11-54FD-43A2-8E44-9D396E3A34AD}.Release|Any CPU.ActiveCfg = Release|iPhone
		{479CDE11-54FD-43A2-8E44-9D396E3A34AD}.Release|iPhone.ActiveCfg = Release|iPhone
		{479CDE11-54FD-43A2-8E44-9D396E3A34AD}.Release|iPhone.Build.0 = Release|iPhone
		{479CDE11-54FD-43A2-8E44-9D396E3A34AD}.Release|iPhoneSimulator.ActiveCfg = Release|iPhoneSimulator
		{479CDE11-54FD-43A2-8E44-9D396E3A34AD}.Release|iPhoneSimulator.Build.0 = Release|iPhoneSimulator
		{479CDE11-54FD-43A2-8E44-9D396E3A34AD}.Release|Mixed Platforms.ActiveCfg = Release|iPhone
		{479CDE11-54FD-43A2-8E44-9D396E3A34AD}.Release|Mixed Platforms.Build.0 = Release|iPhone
		{DCED46D2-55DE-449B-9CEC-A0FACC1CBF13}.Ad-Hoc|Any CPU.ActiveCfg = Release|Any CPU
		{DCED46D2-55DE-449B-9CEC-A0FACC1CBF13}.Ad-Hoc|Any CPU.Build.0 = Release|Any CPU
		{DCED46D2-55DE-449B-9CEC-A0FACC1CBF13}.Ad-Hoc|Any CPU.Deploy.0 = Release|Any CPU
		{DCED46D2-55DE-449B-9CEC-A0FACC1CBF13}.Ad-Hoc|iPhone.ActiveCfg = Release|Any CPU
		{DCED46D2-55DE-449B-9CEC-A0FACC1CBF13}.Ad-Hoc|iPhoneSimulator.ActiveCfg = Release|Any CPU
		{DCED46D2-55DE-449B-9CEC-A0FACC1CBF13}.Ad-Hoc|Mixed Platforms.ActiveCfg = Release|Any CPU
		{DCED46D2-55DE-449B-9CEC-A0FACC1CBF13}.Ad-Hoc|Mixed Platforms.Build.0 = Release|Any CPU
		{DCED46D2-55DE-449B-9CEC-A0FACC1CBF13}.Ad-Hoc|Mixed Platforms.Deploy.0 = Release|Any CPU
		{DCED46D2-55DE-449B-9CEC-A0FACC1CBF13}.AppStore|Any CPU.ActiveCfg = Release|Any CPU
		{DCED46D2-55DE-449B-9CEC-A0FACC1CBF13}.AppStore|Any CPU.Build.0 = Release|Any CPU
		{DCED46D2-55DE-449B-9CEC-A0FACC1CBF13}.AppStore|Any CPU.Deploy.0 = Release|Any CPU
		{DCED46D2-55DE-449B-9CEC-A0FACC1CBF13}.AppStore|iPhone.ActiveCfg = Release|Any CPU
		{DCED46D2-55DE-449B-9CEC-A0FACC1CBF13}.AppStore|iPhoneSimulator.ActiveCfg = Release|Any CPU
		{DCED46D2-55DE-449B-9CEC-A0FACC1CBF13}.AppStore|Mixed Platforms.ActiveCfg = Release|Any CPU
		{DCED46D2-55DE-449B-9CEC-A0FACC1CBF13}.AppStore|Mixed Platforms.Build.0 = Release|Any CPU
		{DCED46D2-55DE-449B-9CEC-A0FACC1CBF13}.AppStore|Mixed Platforms.Deploy.0 = Release|Any CPU
		{DCED46D2-55DE-449B-9CEC-A0FACC1CBF13}.Debug|Any CPU.ActiveCfg = Debug|Any CPU
		{DCED46D2-55DE-449B-9CEC-A0FACC1CBF13}.Debug|Any CPU.Build.0 = Debug|Any CPU
		{DCED46D2-55DE-449B-9CEC-A0FACC1CBF13}.Debug|Any CPU.Deploy.0 = Debug|Any CPU
		{DCED46D2-55DE-449B-9CEC-A0FACC1CBF13}.Debug|iPhone.ActiveCfg = Debug|Any CPU
		{DCED46D2-55DE-449B-9CEC-A0FACC1CBF13}.Debug|iPhoneSimulator.ActiveCfg = Debug|Any CPU
		{DCED46D2-55DE-449B-9CEC-A0FACC1CBF13}.Debug|iPhoneSimulator.Build.0 = Debug|Any CPU
		{DCED46D2-55DE-449B-9CEC-A0FACC1CBF13}.Debug|Mixed Platforms.ActiveCfg = Debug|Any CPU
		{DCED46D2-55DE-449B-9CEC-A0FACC1CBF13}.Debug|Mixed Platforms.Build.0 = Debug|Any CPU
		{DCED46D2-55DE-449B-9CEC-A0FACC1CBF13}.Debug|Mixed Platforms.Deploy.0 = Debug|Any CPU
		{DCED46D2-55DE-449B-9CEC-A0FACC1CBF13}.Release|Any CPU.ActiveCfg = Release|Any CPU
		{DCED46D2-55DE-449B-9CEC-A0FACC1CBF13}.Release|Any CPU.Build.0 = Release|Any CPU
		{DCED46D2-55DE-449B-9CEC-A0FACC1CBF13}.Release|Any CPU.Deploy.0 = Release|Any CPU
		{DCED46D2-55DE-449B-9CEC-A0FACC1CBF13}.Release|iPhone.ActiveCfg = Release|Any CPU
		{DCED46D2-55DE-449B-9CEC-A0FACC1CBF13}.Release|iPhoneSimulator.ActiveCfg = Release|Any CPU
		{DCED46D2-55DE-449B-9CEC-A0FACC1CBF13}.Release|Mixed Platforms.ActiveCfg = Release|Any CPU
		{DCED46D2-55DE-449B-9CEC-A0FACC1CBF13}.Release|Mixed Platforms.Build.0 = Release|Any CPU
		{DCED46D2-55DE-449B-9CEC-A0FACC1CBF13}.Release|Mixed Platforms.Deploy.0 = Release|Any CPU
	EndGlobalSection
	GlobalSection(SolutionProperties) = preSolution
		HideSolutionNode = FALSE
	EndGlobalSection
EndGlobal
